
Microsoft Visual Studio Solution File, Format Version 12.00
# Visual Studio 14
VisualStudioVersion = 14.0.23107.0
MinimumVisualStudioVersion = 10.0.40219.1
Project("{8BC9CEB8-8B4A-11D0-8D11-00A0C91BC942}") = "base64_test", "projects\vc2015\base64_test\base64_test.vcxproj", "{5649EF0B-406C-4513-854C-D7628243189A}"
EndProject
Project("{8BC9CEB8-8B4A-11D0-8D11-00A0C91BC942}") = "benchmark", "projects\vc2015\benchmark\benchmark.vcxproj", "{4CC7423D-FDE5-4208-AB3E-8814BCF35225}"
EndProject
Global
	GlobalSection(SolutionConfigurationPlatforms) = preSolution
		Debug|x64 = Debug|x64
		Debug|x86 = Debug|x86
		Release|x64 = Release|x64
		Release|x86 = Release|x86
	EndGlobalSection
	GlobalSection(ProjectConfigurationPlatforms) = postSolution
		{5649EF0B-406C-4513-854C-D7628243189A}.Debug|x64.ActiveCfg = Debug|x64
		{5649EF0B-406C-4513-854C-D7628243189A}.Debug|x64.Build.0 = Debug|x64
		{5649EF0B-406C-4513-854C-D7628243189A}.Debug|x86.ActiveCfg = Debug|Win32
		{5649EF0B-406C-4513-854C-D7628243189A}.Debug|x86.Build.0 = Debug|Win32
		{5649EF0B-406C-4513-854C-D7628243189A}.Release|x64.ActiveCfg = Release|x64
		{5649EF0B-406C-4513-854C-D7628243189A}.Release|x64.Build.0 = Release|x64
		{5649EF0B-406C-4513-854C-D7628243189A}.Release|x86.ActiveCfg = Release|Win32
		{5649EF0B-406C-4513-854C-D7628243189A}.Release|x86.Build.0 = Release|Win32
		{4CC7423D-FDE5-4208-AB3E-8814BCF35225}.Debug|x64.ActiveCfg = Debug|x64
		{4CC7423D-FDE5-4208-AB3E-8814BCF35225}.Debug|x64.Build.0 = Debug|x64
		{4CC7423D-FDE5-4208-AB3E-8814BCF35225}.Debug|x86.ActiveCfg = Debug|Win32
		{4CC7423D-FDE5-4208-AB3E-8814BCF35225}.Debug|x86.Build.0 = Debug|Win32
		{4CC7423D-FDE5-4208-AB3E-8814BCF35225}.Release|x64.ActiveCfg = Release|x64
		{4CC7423D-FDE5-4208-AB3E-8814BCF35225}.Release|x64.Build.0 = Release|x64
		{4CC7423D-FDE5-4208-AB3E-8814BCF35225}.Release|x86.ActiveCfg = Release|Win32
		{4CC7423D-FDE5-4208-AB3E-8814BCF35225}.Release|x86.Build.0 = Release|Win32
	EndGlobalSection
	GlobalSection(SolutionProperties) = preSolution
		HideSolutionNode = FALSE
	EndGlobalSection
EndGlobal
